
Microsoft Visual Studio Solution File, Format Version 12.00
# Visual Studio 2012
Project("{FAE04EC0-301F-11D3-BF4B-00C04F79EFBC}") = "Argentum.Core", "Argentum.Core\Argentum.Core.csproj", "{0783FC8F-7FC9-4001-ACCC-10DD8779F3A8}"
EndProject
Project("{FAE04EC0-301F-11D3-BF4B-00C04F79EFBC}") = "Argentum.Core.Tests", "Argentum.Core.Tests\Argentum.Core.Tests.csproj", "{C76F2350-B68F-421B-A482-CEE792E941B3}"
EndProject
Global
	GlobalSection(SolutionConfigurationPlatforms) = preSolution
		Debug|Any CPU = Debug|Any CPU
		Release|Any CPU = Release|Any CPU
	EndGlobalSection
	GlobalSection(ProjectConfigurationPlatforms) = postSolution
		{0783FC8F-7FC9-4001-ACCC-10DD8779F3A8}.Debug|Any CPU.ActiveCfg = Debug|Any CPU
		{0783FC8F-7FC9-4001-ACCC-10DD8779F3A8}.Debug|Any CPU.Build.0 = Debug|Any CPU
		{0783FC8F-7FC9-4001-ACCC-10DD8779F3A8}.Release|Any CPU.ActiveCfg = Release|Any CPU
		{0783FC8F-7FC9-4001-ACCC-10DD8779F3A8}.Release|Any CPU.Build.0 = Release|Any CPU
		{C76F2350-B68F-421B-A482-CEE792E941B3}.Debug|Any CPU.ActiveCfg = Debug|Any CPU
		{C76F2350-B68F-421B-A482-CEE792E941B3}.Debug|Any CPU.Build.0 = Debug|Any CPU
		{C76F2350-B68F-421B-A482-CEE792E941B3}.Release|Any CPU.ActiveCfg = Release|Any CPU
		{C76F2350-B68F-421B-A482-CEE792E941B3}.Release|Any CPU.Build.0 = Release|Any CPU
	EndGlobalSection
	GlobalSection(SolutionProperties) = preSolution
		HideSolutionNode = FALSE
	EndGlobalSection
EndGlobal
