
Microsoft Visual Studio Solution File, Format Version 12.00
# Visual Studio 2012
Project("{FAE04EC0-301F-11D3-BF4B-00C04F79EFBC}") = "Argentum.Core", "Argentum.Core\Argentum.Core.csproj", "{0783FC8F-7FC9-4001-ACCC-10DD8779F3A8}"
EndProject
Project("{FAE04EC0-301F-11D3-BF4B-00C04F79EFBC}") = "Argentum.Core.Tests", "Argentum.Core.Tests\Argentum.Core.Tests.csproj", "{C76F2350-B68F-421B-A482-CEE792E941B3}"
EndProject
Project("{2150E333-8FDC-42A3-9474-1A3956D46DE8}") = ".nuget", ".nuget", "{3C3E6464-87D6-4A47-963B-F0A6DCC4D205}"
	ProjectSection(SolutionItems) = preProject
		.nuget\NuGet.Config = .nuget\NuGet.Config
		.nuget\NuGet.exe = .nuget\NuGet.exe
		.nuget\NuGet.targets = .nuget\NuGet.targets
	EndProjectSection
EndProject
Project("{FAE04EC0-301F-11D3-BF4B-00C04F79EFBC}") = "Argentum.Performance", "Argentum.Performance\Argentum.Performance.csproj", "{B1527065-C576-4021-9232-FDFABB2CBA2C}"
EndProject
Global
	GlobalSection(SolutionConfigurationPlatforms) = preSolution
		Debug|Any CPU = Debug|Any CPU
		Release|Any CPU = Release|Any CPU
	EndGlobalSection
	GlobalSection(ProjectConfigurationPlatforms) = postSolution
		{0783FC8F-7FC9-4001-ACCC-10DD8779F3A8}.Debug|Any CPU.ActiveCfg = Debug|Any CPU
		{0783FC8F-7FC9-4001-ACCC-10DD8779F3A8}.Debug|Any CPU.Build.0 = Debug|Any CPU
		{0783FC8F-7FC9-4001-ACCC-10DD8779F3A8}.Release|Any CPU.ActiveCfg = Release|Any CPU
		{0783FC8F-7FC9-4001-ACCC-10DD8779F3A8}.Release|Any CPU.Build.0 = Release|Any CPU
		{C76F2350-B68F-421B-A482-CEE792E941B3}.Debug|Any CPU.ActiveCfg = Debug|Any CPU
		{C76F2350-B68F-421B-A482-CEE792E941B3}.Debug|Any CPU.Build.0 = Debug|Any CPU
		{C76F2350-B68F-421B-A482-CEE792E941B3}.Release|Any CPU.ActiveCfg = Release|Any CPU
		{C76F2350-B68F-421B-A482-CEE792E941B3}.Release|Any CPU.Build.0 = Release|Any CPU
		{B1527065-C576-4021-9232-FDFABB2CBA2C}.Debug|Any CPU.ActiveCfg = Debug|Any CPU
		{B1527065-C576-4021-9232-FDFABB2CBA2C}.Debug|Any CPU.Build.0 = Debug|Any CPU
		{B1527065-C576-4021-9232-FDFABB2CBA2C}.Release|Any CPU.ActiveCfg = Release|Any CPU
		{B1527065-C576-4021-9232-FDFABB2CBA2C}.Release|Any CPU.Build.0 = Release|Any CPU
	EndGlobalSection
	GlobalSection(SolutionProperties) = preSolution
		HideSolutionNode = FALSE
	EndGlobalSection
EndGlobal
